// !$*UTF8*$!
{
	archiveVersion = 1;
	classes = {
	};
	objectVersion = 51;
	objects = {

/* Begin PBXBuildFile section */
		22ABBD0C22C1AD2F00C43B2F /* CampaignCollectionViewController.m in Sources */ = {isa = PBXBuildFile; fileRef = 22ABBD0B22C1AD2F00C43B2F /* CampaignCollectionViewController.m */; };
		22ABBD0F22C1AD4200C43B2F /* CampaignViewCell.m in Sources */ = {isa = PBXBuildFile; fileRef = 22ABBD0E22C1AD4200C43B2F /* CampaignViewCell.m */; };
		22ABBD1122C1AD5000C43B2F /* MediaCollectionViewController.m in Sources */ = {isa = PBXBuildFile; fileRef = 22ABBD1022C1AD5000C43B2F /* MediaCollectionViewController.m */; };
		22ABBD1522C1AD6C00C43B2F /* MediaViewCell.m in Sources */ = {isa = PBXBuildFile; fileRef = 22ABBD1422C1AD6C00C43B2F /* MediaViewCell.m */; };
		22ABBD1922C1AD8700C43B2F /* Campaign.m in Sources */ = {isa = PBXBuildFile; fileRef = 22ABBD1822C1AD8700C43B2F /* Campaign.m */; };
		22ABBD1C22C1AD9B00C43B2F /* Media.m in Sources */ = {isa = PBXBuildFile; fileRef = 22ABBD1B22C1AD9B00C43B2F /* Media.m */; };
		22ABBD2022C1ADBD00C43B2F /* ApiFunctions.m in Sources */ = {isa = PBXBuildFile; fileRef = 22ABBD1F22C1ADBD00C43B2F /* ApiFunctions.m */; };
		22ABBD2522C1B57C00C43B2F /* UIColor+takehome.m in Sources */ = {isa = PBXBuildFile; fileRef = 22ABBD2422C1B57C00C43B2F /* UIColor+takehome.m */; };
		22ABBD2722C1C83F00C43B2F /* Photos.framework in Frameworks */ = {isa = PBXBuildFile; fileRef = 22ABBD2622C1C83F00C43B2F /* Photos.framework */; };
		22E4D6D522C154730052BD9A /* AppDelegate.m in Sources */ = {isa = PBXBuildFile; fileRef = 22E4D6D422C154730052BD9A /* AppDelegate.m */; };
		22E4D6D822C154730052BD9A /* ViewController.m in Sources */ = {isa = PBXBuildFile; fileRef = 22E4D6D722C154730052BD9A /* ViewController.m */; };
		22E4D6DB22C154730052BD9A /* Main.storyboard in Resources */ = {isa = PBXBuildFile; fileRef = 22E4D6D922C154730052BD9A /* Main.storyboard */; };
		22E4D6DD22C154740052BD9A /* Assets.xcassets in Resources */ = {isa = PBXBuildFile; fileRef = 22E4D6DC22C154740052BD9A /* Assets.xcassets */; };
		22E4D6E022C154740052BD9A /* LaunchScreen.storyboard in Resources */ = {isa = PBXBuildFile; fileRef = 22E4D6DE22C154740052BD9A /* LaunchScreen.storyboard */; };
		22E4D6E322C154740052BD9A /* main.m in Sources */ = {isa = PBXBuildFile; fileRef = 22E4D6E222C154740052BD9A /* main.m */; };
		88BD84B6A61D75D1E135BF25 /* Pods_iOS_Takehome.framework in Frameworks */ = {isa = PBXBuildFile; fileRef = F337A813999F468368EA9311 /* Pods_iOS_Takehome.framework */; };
/* End PBXBuildFile section */

/* Begin PBXFileReference section */
		22ABBD0A22C1AD2400C43B2F /* CampaignCollectionViewController.h */ = {isa = PBXFileReference; lastKnownFileType = sourcecode.c.h; path = CampaignCollectionViewController.h; sourceTree = "<group>"; };
		22ABBD0B22C1AD2F00C43B2F /* CampaignCollectionViewController.m */ = {isa = PBXFileReference; lastKnownFileType = sourcecode.c.objc; path = CampaignCollectionViewController.m; sourceTree = "<group>"; };
		22ABBD0D22C1AD3900C43B2F /* CampaignViewCell.h */ = {isa = PBXFileReference; lastKnownFileType = sourcecode.c.h; path = CampaignViewCell.h; sourceTree = "<group>"; };
		22ABBD0E22C1AD4200C43B2F /* CampaignViewCell.m */ = {isa = PBXFileReference; lastKnownFileType = sourcecode.c.objc; path = CampaignViewCell.m; sourceTree = "<group>"; };
		22ABBD1022C1AD5000C43B2F /* MediaCollectionViewController.m */ = {isa = PBXFileReference; lastKnownFileType = sourcecode.c.objc; path = MediaCollectionViewController.m; sourceTree = "<group>"; };
		22ABBD1222C1AD5B00C43B2F /* MediaCollectionViewController.h */ = {isa = PBXFileReference; lastKnownFileType = sourcecode.c.h; path = MediaCollectionViewController.h; sourceTree = "<group>"; };
		22ABBD1322C1AD6300C43B2F /* MediaViewCell.h */ = {isa = PBXFileReference; lastKnownFileType = sourcecode.c.h; path = MediaViewCell.h; sourceTree = "<group>"; };
		22ABBD1422C1AD6C00C43B2F /* MediaViewCell.m */ = {isa = PBXFileReference; lastKnownFileType = sourcecode.c.objc; path = MediaViewCell.m; sourceTree = "<group>"; };
		22ABBD1722C1AD7F00C43B2F /* Campaign.h */ = {isa = PBXFileReference; lastKnownFileType = sourcecode.c.h; path = Campaign.h; sourceTree = "<group>"; };
		22ABBD1822C1AD8700C43B2F /* Campaign.m */ = {isa = PBXFileReference; lastKnownFileType = sourcecode.c.objc; path = Campaign.m; sourceTree = "<group>"; };
		22ABBD1A22C1AD9200C43B2F /* Media.h */ = {isa = PBXFileReference; lastKnownFileType = sourcecode.c.h; path = Media.h; sourceTree = "<group>"; };
		22ABBD1B22C1AD9B00C43B2F /* Media.m */ = {isa = PBXFileReference; lastKnownFileType = sourcecode.c.objc; path = Media.m; sourceTree = "<group>"; };
		22ABBD1E22C1ADB300C43B2F /* ApiFunctions.h */ = {isa = PBXFileReference; lastKnownFileType = sourcecode.c.h; path = ApiFunctions.h; sourceTree = "<group>"; };
		22ABBD1F22C1ADBD00C43B2F /* ApiFunctions.m */ = {isa = PBXFileReference; lastKnownFileType = sourcecode.c.objc; path = ApiFunctions.m; sourceTree = "<group>"; };
		22ABBD2122C1AE6F00C43B2F /* takehome-header.pch */ = {isa = PBXFileReference; lastKnownFileType = sourcecode.c.h; path = "takehome-header.pch"; sourceTree = "<group>"; };
		22ABBD2222C1AF4900C43B2F /* Constants.h */ = {isa = PBXFileReference; lastKnownFileType = sourcecode.c.h; path = Constants.h; sourceTree = "<group>"; };
		22ABBD2322C1B56D00C43B2F /* UIColor+takehome.h */ = {isa = PBXFileReference; lastKnownFileType = sourcecode.c.h; path = "UIColor+takehome.h"; sourceTree = "<group>"; };
		22ABBD2422C1B57C00C43B2F /* UIColor+takehome.m */ = {isa = PBXFileReference; lastKnownFileType = sourcecode.c.objc; path = "UIColor+takehome.m"; sourceTree = "<group>"; };
		22ABBD2622C1C83F00C43B2F /* Photos.framework */ = {isa = PBXFileReference; lastKnownFileType = wrapper.framework; name = Photos.framework; path = System/Library/Frameworks/Photos.framework; sourceTree = SDKROOT; };
		22E4D6D022C154730052BD9A /* iOS Takehome.app */ = {isa = PBXFileReference; explicitFileType = wrapper.application; includeInIndex = 0; path = "iOS Takehome.app"; sourceTree = BUILT_PRODUCTS_DIR; };
		22E4D6D322C154730052BD9A /* AppDelegate.h */ = {isa = PBXFileReference; lastKnownFileType = sourcecode.c.h; path = AppDelegate.h; sourceTree = "<group>"; };
		22E4D6D422C154730052BD9A /* AppDelegate.m */ = {isa = PBXFileReference; lastKnownFileType = sourcecode.c.objc; path = AppDelegate.m; sourceTree = "<group>"; };
		22E4D6D622C154730052BD9A /* ViewController.h */ = {isa = PBXFileReference; lastKnownFileType = sourcecode.c.h; path = ViewController.h; sourceTree = "<group>"; };
		22E4D6D722C154730052BD9A /* ViewController.m */ = {isa = PBXFileReference; lastKnownFileType = sourcecode.c.objc; path = ViewController.m; sourceTree = "<group>"; };
		22E4D6DA22C154730052BD9A /* Base */ = {isa = PBXFileReference; lastKnownFileType = file.storyboard; name = Base; path = Base.lproj/Main.storyboard; sourceTree = "<group>"; };
		22E4D6DC22C154740052BD9A /* Assets.xcassets */ = {isa = PBXFileReference; lastKnownFileType = folder.assetcatalog; path = Assets.xcassets; sourceTree = "<group>"; };
		22E4D6DF22C154740052BD9A /* Base */ = {isa = PBXFileReference; lastKnownFileType = file.storyboard; name = Base; path = Base.lproj/LaunchScreen.storyboard; sourceTree = "<group>"; };
		22E4D6E122C154740052BD9A /* Info.plist */ = {isa = PBXFileReference; lastKnownFileType = text.plist.xml; path = Info.plist; sourceTree = "<group>"; };
		22E4D6E222C154740052BD9A /* main.m */ = {isa = PBXFileReference; lastKnownFileType = sourcecode.c.objc; path = main.m; sourceTree = "<group>"; };
		5EC7890AC71D3652E2ED054A /* Pods-iOS Takehome.release.xcconfig */ = {isa = PBXFileReference; includeInIndex = 1; lastKnownFileType = text.xcconfig; name = "Pods-iOS Takehome.release.xcconfig"; path = "Target Support Files/Pods-iOS Takehome/Pods-iOS Takehome.release.xcconfig"; sourceTree = "<group>"; };
		DF062EDB60F68CB3E1CE7F18 /* Pods-iOS Takehome.debug.xcconfig */ = {isa = PBXFileReference; includeInIndex = 1; lastKnownFileType = text.xcconfig; name = "Pods-iOS Takehome.debug.xcconfig"; path = "Target Support Files/Pods-iOS Takehome/Pods-iOS Takehome.debug.xcconfig"; sourceTree = "<group>"; };
		F337A813999F468368EA9311 /* Pods_iOS_Takehome.framework */ = {isa = PBXFileReference; explicitFileType = wrapper.framework; includeInIndex = 0; path = Pods_iOS_Takehome.framework; sourceTree = BUILT_PRODUCTS_DIR; };
/* End PBXFileReference section */

/* Begin PBXFrameworksBuildPhase section */
		22E4D6CD22C154730052BD9A /* Frameworks */ = {
			isa = PBXFrameworksBuildPhase;
			buildActionMask = 2147483647;
			files = (
				22ABBD2722C1C83F00C43B2F /* Photos.framework in Frameworks */,
				88BD84B6A61D75D1E135BF25 /* Pods_iOS_Takehome.framework in Frameworks */,
			);
			runOnlyForDeploymentPostprocessing = 0;
		};
/* End PBXFrameworksBuildPhase section */

/* Begin PBXGroup section */
		22ABBD0922C1AD1300C43B2F /* Campaigns */ = {
			isa = PBXGroup;
			children = (
				22ABBD0A22C1AD2400C43B2F /* CampaignCollectionViewController.h */,
				22ABBD0B22C1AD2F00C43B2F /* CampaignCollectionViewController.m */,
				22ABBD0D22C1AD3900C43B2F /* CampaignViewCell.h */,
				22ABBD0E22C1AD4200C43B2F /* CampaignViewCell.m */,
				22ABBD1222C1AD5B00C43B2F /* MediaCollectionViewController.h */,
				22ABBD1022C1AD5000C43B2F /* MediaCollectionViewController.m */,
				22ABBD1322C1AD6300C43B2F /* MediaViewCell.h */,
				22ABBD1422C1AD6C00C43B2F /* MediaViewCell.m */,
			);
			path = Campaigns;
			sourceTree = "<group>";
		};
		22ABBD1622C1AD6F00C43B2F /* Models */ = {
			isa = PBXGroup;
			children = (
				22ABBD1722C1AD7F00C43B2F /* Campaign.h */,
				22ABBD1822C1AD8700C43B2F /* Campaign.m */,
				22ABBD1A22C1AD9200C43B2F /* Media.h */,
				22ABBD1B22C1AD9B00C43B2F /* Media.m */,
			);
			path = Models;
			sourceTree = "<group>";
		};
		22ABBD1D22C1ADA100C43B2F /* Api */ = {
			isa = PBXGroup;
			children = (
				22ABBD1E22C1ADB300C43B2F /* ApiFunctions.h */,
				22ABBD1F22C1ADBD00C43B2F /* ApiFunctions.m */,
			);
			path = Api;
			sourceTree = "<group>";
		};
		22E4D6C722C154730052BD9A = {
			isa = PBXGroup;
			children = (
				22E4D6D222C154730052BD9A /* iOS Takehome */,
				22E4D6D122C154730052BD9A /* Products */,
				2F8A6C45BF13B09A42863470 /* Pods */,
				77355BAB752694CE43038B43 /* Frameworks */,
			);
			sourceTree = "<group>";
		};
		22E4D6D122C154730052BD9A /* Products */ = {
			isa = PBXGroup;
			children = (
				22E4D6D022C154730052BD9A /* iOS Takehome.app */,
			);
			name = Products;
			sourceTree = "<group>";
		};
		22E4D6D222C154730052BD9A /* iOS Takehome */ = {
			isa = PBXGroup;
			children = (
				22ABBD1D22C1ADA100C43B2F /* Api */,
				22ABBD1622C1AD6F00C43B2F /* Models */,
				22ABBD0922C1AD1300C43B2F /* Campaigns */,
				22E4D6D322C154730052BD9A /* AppDelegate.h */,
				22E4D6D422C154730052BD9A /* AppDelegate.m */,
				22E4D6D622C154730052BD9A /* ViewController.h */,
				22E4D6D722C154730052BD9A /* ViewController.m */,
				22ABBD2322C1B56D00C43B2F /* UIColor+takehome.h */,
				22ABBD2422C1B57C00C43B2F /* UIColor+takehome.m */,
				22E4D6D922C154730052BD9A /* Main.storyboard */,
				22E4D6DC22C154740052BD9A /* Assets.xcassets */,
				22E4D6DE22C154740052BD9A /* LaunchScreen.storyboard */,
				22E4D6E122C154740052BD9A /* Info.plist */,
				22ABBD2222C1AF4900C43B2F /* Constants.h */,
				22ABBD2122C1AE6F00C43B2F /* takehome-header.pch */,
				22E4D6E222C154740052BD9A /* main.m */,
			);
			path = "iOS Takehome";
			sourceTree = "<group>";
		};
		2F8A6C45BF13B09A42863470 /* Pods */ = {
			isa = PBXGroup;
			children = (
				DF062EDB60F68CB3E1CE7F18 /* Pods-iOS Takehome.debug.xcconfig */,
				5EC7890AC71D3652E2ED054A /* Pods-iOS Takehome.release.xcconfig */,
			);
			path = Pods;
			sourceTree = "<group>";
		};
		77355BAB752694CE43038B43 /* Frameworks */ = {
			isa = PBXGroup;
			children = (
				22ABBD2622C1C83F00C43B2F /* Photos.framework */,
				F337A813999F468368EA9311 /* Pods_iOS_Takehome.framework */,
			);
			name = Frameworks;
			sourceTree = "<group>";
		};
/* End PBXGroup section */

/* Begin PBXNativeTarget section */
		22E4D6CF22C154730052BD9A /* iOS Takehome */ = {
			isa = PBXNativeTarget;
			buildConfigurationList = 22E4D6E622C154740052BD9A /* Build configuration list for PBXNativeTarget "iOS Takehome" */;
			buildPhases = (
				C29F600F7F1EC9A75CF06043 /* [CP] Check Pods Manifest.lock */,
				22E4D6CC22C154730052BD9A /* Sources */,
				22E4D6CD22C154730052BD9A /* Frameworks */,
				22E4D6CE22C154730052BD9A /* Resources */,
				7EB82A5E570AB12170439E3D /* [CP] Embed Pods Frameworks */,
			);
			buildRules = (
			);
			dependencies = (
			);
			name = "iOS Takehome";
			productName = "iOS Takehome";
			productReference = 22E4D6D022C154730052BD9A /* iOS Takehome.app */;
			productType = "com.apple.product-type.application";
		};
/* End PBXNativeTarget section */

/* Begin PBXProject section */
		22E4D6C822C154730052BD9A /* Project object */ = {
			isa = PBXProject;
			attributes = {
				LastUpgradeCheck = 1020;
				ORGANIZATIONNAME = "Real Labs Technology, Inc";
				TargetAttributes = {
					22E4D6CF22C154730052BD9A = {
						CreatedOnToolsVersion = 10.2.1;
					};
				};
			};
			buildConfigurationList = 22E4D6CB22C154730052BD9A /* Build configuration list for PBXProject "iOS Takehome" */;
			compatibilityVersion = "Xcode 9.3";
			developmentRegion = en;
			hasScannedForEncodings = 0;
			knownRegions = (
				en,
				Base,
			);
			mainGroup = 22E4D6C722C154730052BD9A;
			productRefGroup = 22E4D6D122C154730052BD9A /* Products */;
			projectDirPath = "";
			projectRoot = "";
			targets = (
				22E4D6CF22C154730052BD9A /* iOS Takehome */,
			);
		};
/* End PBXProject section */

/* Begin PBXResourcesBuildPhase section */
		22E4D6CE22C154730052BD9A /* Resources */ = {
			isa = PBXResourcesBuildPhase;
			buildActionMask = 2147483647;
			files = (
				22E4D6E022C154740052BD9A /* LaunchScreen.storyboard in Resources */,
				22E4D6DD22C154740052BD9A /* Assets.xcassets in Resources */,
				22E4D6DB22C154730052BD9A /* Main.storyboard in Resources */,
			);
			runOnlyForDeploymentPostprocessing = 0;
		};
/* End PBXResourcesBuildPhase section */

/* Begin PBXShellScriptBuildPhase section */
		7EB82A5E570AB12170439E3D /* [CP] Embed Pods Frameworks */ = {
			isa = PBXShellScriptBuildPhase;
			buildActionMask = 2147483647;
			files = (
			);
			inputFileListPaths = (
				"${PODS_ROOT}/Target Support Files/Pods-iOS Takehome/Pods-iOS Takehome-frameworks-${CONFIGURATION}-input-files.xcfilelist",
			);
			name = "[CP] Embed Pods Frameworks";
			outputFileListPaths = (
				"${PODS_ROOT}/Target Support Files/Pods-iOS Takehome/Pods-iOS Takehome-frameworks-${CONFIGURATION}-output-files.xcfilelist",
			);
			runOnlyForDeploymentPostprocessing = 0;
			shellPath = /bin/sh;
			shellScript = "\"${PODS_ROOT}/Target Support Files/Pods-iOS Takehome/Pods-iOS Takehome-frameworks.sh\"\n";
			showEnvVarsInLog = 0;
		};
		C29F600F7F1EC9A75CF06043 /* [CP] Check Pods Manifest.lock */ = {
			isa = PBXShellScriptBuildPhase;
			buildActionMask = 2147483647;
			files = (
			);
			inputFileListPaths = (
			);
			inputPaths = (
				"${PODS_PODFILE_DIR_PATH}/Podfile.lock",
				"${PODS_ROOT}/Manifest.lock",
			);
			name = "[CP] Check Pods Manifest.lock";
			outputFileListPaths = (
			);
			outputPaths = (
				"$(DERIVED_FILE_DIR)/Pods-iOS Takehome-checkManifestLockResult.txt",
			);
			runOnlyForDeploymentPostprocessing = 0;
			shellPath = /bin/sh;
			shellScript = "diff \"${PODS_PODFILE_DIR_PATH}/Podfile.lock\" \"${PODS_ROOT}/Manifest.lock\" > /dev/null\nif [ $? != 0 ] ; then\n    # print error to STDERR\n    echo \"error: The sandbox is not in sync with the Podfile.lock. Run 'pod install' or update your CocoaPods installation.\" >&2\n    exit 1\nfi\n# This output is used by Xcode 'outputs' to avoid re-running this script phase.\necho \"SUCCESS\" > \"${SCRIPT_OUTPUT_FILE_0}\"\n";
			showEnvVarsInLog = 0;
		};
/* End PBXShellScriptBuildPhase section */

/* Begin PBXSourcesBuildPhase section */
		22E4D6CC22C154730052BD9A /* Sources */ = {
			isa = PBXSourcesBuildPhase;
			buildActionMask = 2147483647;
			files = (
				22ABBD0C22C1AD2F00C43B2F /* CampaignCollectionViewController.m in Sources */,
				22E4D6D822C154730052BD9A /* ViewController.m in Sources */,
				22ABBD2022C1ADBD00C43B2F /* ApiFunctions.m in Sources */,
				22ABBD2522C1B57C00C43B2F /* UIColor+takehome.m in Sources */,
				22E4D6E322C154740052BD9A /* main.m in Sources */,
				22ABBD1122C1AD5000C43B2F /* MediaCollectionViewController.m in Sources */,
				22ABBD1522C1AD6C00C43B2F /* MediaViewCell.m in Sources */,
				22ABBD1922C1AD8700C43B2F /* Campaign.m in Sources */,
				22ABBD1C22C1AD9B00C43B2F /* Media.m in Sources */,
				22ABBD0F22C1AD4200C43B2F /* CampaignViewCell.m in Sources */,
				22E4D6D522C154730052BD9A /* AppDelegate.m in Sources */,
			);
			runOnlyForDeploymentPostprocessing = 0;
		};
/* End PBXSourcesBuildPhase section */

/* Begin PBXVariantGroup section */
		22E4D6D922C154730052BD9A /* Main.storyboard */ = {
			isa = PBXVariantGroup;
			children = (
				22E4D6DA22C154730052BD9A /* Base */,
			);
			name = Main.storyboard;
			sourceTree = "<group>";
		};
		22E4D6DE22C154740052BD9A /* LaunchScreen.storyboard */ = {
			isa = PBXVariantGroup;
			children = (
				22E4D6DF22C154740052BD9A /* Base */,
			);
			name = LaunchScreen.storyboard;
			sourceTree = "<group>";
		};
/* End PBXVariantGroup section */

/* Begin XCBuildConfiguration section */
		22E4D6E422C154740052BD9A /* Debug */ = {
			isa = XCBuildConfiguration;
			buildSettings = {
				ALWAYS_SEARCH_USER_PATHS = NO;
				CLANG_ANALYZER_NONNULL = YES;
				CLANG_ANALYZER_NUMBER_OBJECT_CONVERSION = YES_AGGRESSIVE;
				CLANG_CXX_LANGUAGE_STANDARD = "gnu++14";
				CLANG_CXX_LIBRARY = "libc++";
				CLANG_ENABLE_MODULES = YES;
				CLANG_ENABLE_OBJC_ARC = YES;
				CLANG_ENABLE_OBJC_WEAK = YES;
				CLANG_WARN_BLOCK_CAPTURE_AUTORELEASING = YES;
				CLANG_WARN_BOOL_CONVERSION = YES;
				CLANG_WARN_COMMA = YES;
				CLANG_WARN_CONSTANT_CONVERSION = YES;
				CLANG_WARN_DEPRECATED_OBJC_IMPLEMENTATIONS = YES;
				CLANG_WARN_DIRECT_OBJC_ISA_USAGE = YES_ERROR;
				CLANG_WARN_DOCUMENTATION_COMMENTS = YES;
				CLANG_WARN_EMPTY_BODY = YES;
				CLANG_WARN_ENUM_CONVERSION = YES;
				CLANG_WARN_INFINITE_RECURSION = YES;
				CLANG_WARN_INT_CONVERSION = YES;
				CLANG_WARN_NON_LITERAL_NULL_CONVERSION = YES;
				CLANG_WARN_OBJC_IMPLICIT_RETAIN_SELF = YES;
				CLANG_WARN_OBJC_LITERAL_CONVERSION = YES;
				CLANG_WARN_OBJC_ROOT_CLASS = YES_ERROR;
				CLANG_WARN_RANGE_LOOP_ANALYSIS = YES;
				CLANG_WARN_STRICT_PROTOTYPES = YES;
				CLANG_WARN_SUSPICIOUS_MOVE = YES;
				CLANG_WARN_UNGUARDED_AVAILABILITY = YES_AGGRESSIVE;
				CLANG_WARN_UNREACHABLE_CODE = YES;
				CLANG_WARN__DUPLICATE_METHOD_MATCH = YES;
				CODE_SIGN_IDENTITY = "iPhone Developer";
				COPY_PHASE_STRIP = NO;
				DEBUG_INFORMATION_FORMAT = dwarf;
				ENABLE_STRICT_OBJC_MSGSEND = YES;
				ENABLE_TESTABILITY = YES;
				GCC_C_LANGUAGE_STANDARD = gnu11;
				GCC_DYNAMIC_NO_PIC = NO;
				GCC_NO_COMMON_BLOCKS = YES;
				GCC_OPTIMIZATION_LEVEL = 0;
				GCC_PREPROCESSOR_DEFINITIONS = (
					"DEBUG=1",
					"$(inherited)",
				);
				GCC_WARN_64_TO_32_BIT_CONVERSION = YES;
				GCC_WARN_ABOUT_RETURN_TYPE = YES_ERROR;
				GCC_WARN_UNDECLARED_SELECTOR = YES;
				GCC_WARN_UNINITIALIZED_AUTOS = YES_AGGRESSIVE;
				GCC_WARN_UNUSED_FUNCTION = YES;
				GCC_WARN_UNUSED_VARIABLE = YES;
				IPHONEOS_DEPLOYMENT_TARGET = 12.2;
				MTL_ENABLE_DEBUG_INFO = INCLUDE_SOURCE;
				MTL_FAST_MATH = YES;
				ONLY_ACTIVE_ARCH = YES;
				SDKROOT = iphoneos;
			};
			name = Debug;
		};
		22E4D6E522C154740052BD9A /* Release */ = {
			isa = XCBuildConfiguration;
			buildSettings = {
				ALWAYS_SEARCH_USER_PATHS = NO;
				CLANG_ANALYZER_NONNULL = YES;
				CLANG_ANALYZER_NUMBER_OBJECT_CONVERSION = YES_AGGRESSIVE;
				CLANG_CXX_LANGUAGE_STANDARD = "gnu++14";
				CLANG_CXX_LIBRARY = "libc++";
				CLANG_ENABLE_MODULES = YES;
				CLANG_ENABLE_OBJC_ARC = YES;
				CLANG_ENABLE_OBJC_WEAK = YES;
				CLANG_WARN_BLOCK_CAPTURE_AUTORELEASING = YES;
				CLANG_WARN_BOOL_CONVERSION = YES;
				CLANG_WARN_COMMA = YES;
				CLANG_WARN_CONSTANT_CONVERSION = YES;
				CLANG_WARN_DEPRECATED_OBJC_IMPLEMENTATIONS = YES;
				CLANG_WARN_DIRECT_OBJC_ISA_USAGE = YES_ERROR;
				CLANG_WARN_DOCUMENTATION_COMMENTS = YES;
				CLANG_WARN_EMPTY_BODY = YES;
				CLANG_WARN_ENUM_CONVERSION = YES;
				CLANG_WARN_INFINITE_RECURSION = YES;
				CLANG_WARN_INT_CONVERSION = YES;
				CLANG_WARN_NON_LITERAL_NULL_CONVERSION = YES;
				CLANG_WARN_OBJC_IMPLICIT_RETAIN_SELF = YES;
				CLANG_WARN_OBJC_LITERAL_CONVERSION = YES;
				CLANG_WARN_OBJC_ROOT_CLASS = YES_ERROR;
				CLANG_WARN_RANGE_LOOP_ANALYSIS = YES;
				CLANG_WARN_STRICT_PROTOTYPES = YES;
				CLANG_WARN_SUSPICIOUS_MOVE = YES;
				CLANG_WARN_UNGUARDED_AVAILABILITY = YES_AGGRESSIVE;
				CLANG_WARN_UNREACHABLE_CODE = YES;
				CLANG_WARN__DUPLICATE_METHOD_MATCH = YES;
				CODE_SIGN_IDENTITY = "iPhone Developer";
				COPY_PHASE_STRIP = NO;
				DEBUG_INFORMATION_FORMAT = "dwarf-with-dsym";
				ENABLE_NS_ASSERTIONS = NO;
				ENABLE_STRICT_OBJC_MSGSEND = YES;
				GCC_C_LANGUAGE_STANDARD = gnu11;
				GCC_NO_COMMON_BLOCKS = YES;
				GCC_WARN_64_TO_32_BIT_CONVERSION = YES;
				GCC_WARN_ABOUT_RETURN_TYPE = YES_ERROR;
				GCC_WARN_UNDECLARED_SELECTOR = YES;
				GCC_WARN_UNINITIALIZED_AUTOS = YES_AGGRESSIVE;
				GCC_WARN_UNUSED_FUNCTION = YES;
				GCC_WARN_UNUSED_VARIABLE = YES;
				IPHONEOS_DEPLOYMENT_TARGET = 12.2;
				MTL_ENABLE_DEBUG_INFO = NO;
				MTL_FAST_MATH = YES;
				SDKROOT = iphoneos;
				VALIDATE_PRODUCT = YES;
			};
			name = Release;
		};
		22E4D6E722C154740052BD9A /* Debug */ = {
			isa = XCBuildConfiguration;
			baseConfigurationReference = DF062EDB60F68CB3E1CE7F18 /* Pods-iOS Takehome.debug.xcconfig */;
			buildSettings = {
				ASSETCATALOG_COMPILER_APPICON_NAME = AppIcon;
				CODE_SIGN_STYLE = Automatic;
				DEVELOPMENT_TEAM = 5FLJ6X6HXT;
				GCC_PREFIX_HEADER = "$(SRCROOT)/$(PRODUCT_NAME)/takehome-header.pch";
				INFOPLIST_FILE = "iOS Takehome/Info.plist";
				LD_RUNPATH_SEARCH_PATHS = (
					"$(inherited)",
					"@executable_path/Frameworks",
				);
				PRODUCT_BUNDLE_IDENTIFIER = "com.reallabs.iOS-Takehome";
				PRODUCT_NAME = "$(TARGET_NAME)";
				TARGETED_DEVICE_FAMILY = "1,2";
			};
			name = Debug;
		};
		22E4D6E822C154740052BD9A /* Release */ = {
			isa = XCBuildConfiguration;
			baseConfigurationReference = 5EC7890AC71D3652E2ED054A /* Pods-iOS Takehome.release.xcconfig */;
			buildSettings = {
				ASSETCATALOG_COMPILER_APPICON_NAME = AppIcon;
				CODE_SIGN_STYLE = Automatic;
				DEVELOPMENT_TEAM = 5FLJ6X6HXT;
				GCC_PREFIX_HEADER = "$(SRCROOT)/$(PRODUCT_NAME)/takehome-header.pch";
				INFOPLIST_FILE = "iOS Takehome/Info.plist";
				LD_RUNPATH_SEARCH_PATHS = (
					"$(inherited)",
					"@executable_path/Frameworks",
				);
				PRODUCT_BUNDLE_IDENTIFIER = "com.reallabs.iOS-Takehome";
				PRODUCT_NAME = "$(TARGET_NAME)";
				TARGETED_DEVICE_FAMILY = "1,2";
			};
			name = Release;
		};
/* End XCBuildConfiguration section */

/* Begin XCConfigurationList section */
		22E4D6CB22C154730052BD9A /* Build configuration list for PBXProject "iOS Takehome" */ = {
			isa = XCConfigurationList;
			buildConfigurations = (
				22E4D6E422C154740052BD9A /* Debug */,
				22E4D6E522C154740052BD9A /* Release */,
			);
			defaultConfigurationIsVisible = 0;
			defaultConfigurationName = Release;
		};
		22E4D6E622C154740052BD9A /* Build configuration list for PBXNativeTarget "iOS Takehome" */ = {
			isa = XCConfigurationList;
			buildConfigurations = (
				22E4D6E722C154740052BD9A /* Debug */,
				22E4D6E822C154740052BD9A /* Release */,
			);
			defaultConfigurationIsVisible = 0;
			defaultConfigurationName = Release;
		};
/* End XCConfigurationList section */
	};
	rootObject = 22E4D6C822C154730052BD9A /* Project object */;
}
